
Microsoft Visual Studio Solution File, Format Version 12.00
# Visual Studio 14
VisualStudioVersion = 14.0.25420.1
MinimumVisualStudioVersion = 10.0.40219.1
Project("{FAE04EC0-301F-11D3-BF4B-00C04F79EFBC}") = "MyAsync", "MyAsync\MyAsync.csproj", "{F00CAAA9-D7FF-44DC-B708-001626AA40F9}"
EndProject
Global
	GlobalSection(SolutionConfigurationPlatforms) = preSolution
		Debug|Any CPU = Debug|Any CPU
		Release|Any CPU = Release|Any CPU
	EndGlobalSection
	GlobalSection(ProjectConfigurationPlatforms) = postSolution
		{F00CAAA9-D7FF-44DC-B708-001626AA40F9}.Debug|Any CPU.ActiveCfg = Debug|Any CPU
		{F00CAAA9-D7FF-44DC-B708-001626AA40F9}.Debug|Any CPU.Build.0 = Debug|Any CPU
		{F00CAAA9-D7FF-44DC-B708-001626AA40F9}.Release|Any CPU.ActiveCfg = Release|Any CPU
		{F00CAAA9-D7FF-44DC-B708-001626AA40F9}.Release|Any CPU.Build.0 = Release|Any CPU
	EndGlobalSection
	GlobalSection(SolutionProperties) = preSolution
		HideSolutionNode = FALSE
	EndGlobalSection
EndGlobal
